
Microsoft Visual Studio Solution File, Format Version 12.00
# Visual Studio Version 16
VisualStudioVersion = 16.0.31410.357
MinimumVisualStudioVersion = 10.0.40219.1
Project("{9A19103F-16F7-4668-BE54-9A1E7A4F7556}") = "Entity", "Entity\Entity.csproj", "{C6B73B64-C692-492C-944F-47221184A4C7}"
EndProject
Project("{9A19103F-16F7-4668-BE54-9A1E7A4F7556}") = "DataAccess", "DataAccess\DataAccess.csproj", "{2B894CC9-6C77-4851-B577-37CC529D7242}"
EndProject
Project("{9A19103F-16F7-4668-BE54-9A1E7A4F7556}") = "Business", "Business\Business.csproj", "{A6BC1456-F254-4584-91BF-1607B2DAE3B2}"
EndProject
Project("{9A19103F-16F7-4668-BE54-9A1E7A4F7556}") = "Core", "..\MyFinalProject\Core\Core.csproj", "{2129EA55-640E-4226-8473-3127C2A5C673}"
EndProject
Project("{9A19103F-16F7-4668-BE54-9A1E7A4F7556}") = "WebAPI", "WebAPI\WebAPI.csproj", "{250E7D68-C090-4797-B1EF-98125853A216}"
EndProject
Global
	GlobalSection(SolutionConfigurationPlatforms) = preSolution
		Debug|Any CPU = Debug|Any CPU
		Release|Any CPU = Release|Any CPU
	EndGlobalSection
	GlobalSection(ProjectConfigurationPlatforms) = postSolution
		{C6B73B64-C692-492C-944F-47221184A4C7}.Debug|Any CPU.ActiveCfg = Debug|Any CPU
		{C6B73B64-C692-492C-944F-47221184A4C7}.Debug|Any CPU.Build.0 = Debug|Any CPU
		{C6B73B64-C692-492C-944F-47221184A4C7}.Release|Any CPU.ActiveCfg = Release|Any CPU
		{C6B73B64-C692-492C-944F-47221184A4C7}.Release|Any CPU.Build.0 = Release|Any CPU
		{2B894CC9-6C77-4851-B577-37CC529D7242}.Debug|Any CPU.ActiveCfg = Debug|Any CPU
		{2B894CC9-6C77-4851-B577-37CC529D7242}.Debug|Any CPU.Build.0 = Debug|Any CPU
		{2B894CC9-6C77-4851-B577-37CC529D7242}.Release|Any CPU.ActiveCfg = Release|Any CPU
		{2B894CC9-6C77-4851-B577-37CC529D7242}.Release|Any CPU.Build.0 = Release|Any CPU
		{A6BC1456-F254-4584-91BF-1607B2DAE3B2}.Debug|Any CPU.ActiveCfg = Debug|Any CPU
		{A6BC1456-F254-4584-91BF-1607B2DAE3B2}.Debug|Any CPU.Build.0 = Debug|Any CPU
		{A6BC1456-F254-4584-91BF-1607B2DAE3B2}.Release|Any CPU.ActiveCfg = Release|Any CPU
		{A6BC1456-F254-4584-91BF-1607B2DAE3B2}.Release|Any CPU.Build.0 = Release|Any CPU
		{2129EA55-640E-4226-8473-3127C2A5C673}.Debug|Any CPU.ActiveCfg = Debug|Any CPU
		{2129EA55-640E-4226-8473-3127C2A5C673}.Debug|Any CPU.Build.0 = Debug|Any CPU
		{2129EA55-640E-4226-8473-3127C2A5C673}.Release|Any CPU.ActiveCfg = Release|Any CPU
		{2129EA55-640E-4226-8473-3127C2A5C673}.Release|Any CPU.Build.0 = Release|Any CPU
		{250E7D68-C090-4797-B1EF-98125853A216}.Debug|Any CPU.ActiveCfg = Debug|Any CPU
		{250E7D68-C090-4797-B1EF-98125853A216}.Debug|Any CPU.Build.0 = Debug|Any CPU
		{250E7D68-C090-4797-B1EF-98125853A216}.Release|Any CPU.ActiveCfg = Release|Any CPU
		{250E7D68-C090-4797-B1EF-98125853A216}.Release|Any CPU.Build.0 = Release|Any CPU
	EndGlobalSection
	GlobalSection(SolutionProperties) = preSolution
		HideSolutionNode = FALSE
	EndGlobalSection
	GlobalSection(ExtensibilityGlobals) = postSolution
		SolutionGuid = {AA9BB0E6-438D-4B7C-AE28-48B6D5D541D1}
	EndGlobalSection
EndGlobal
